{
  "nodes": {
    "ai-assistant-instructions": {
      "flake": false,
      "locked": {
        "lastModified": 1775329614,
        "narHash": "sha256-2MSYcw1iCt1m5KaR4gQBEW2gv6hXgjZqyL9R8ZSTe3M=",
        "owner": "JacobPEvans",
        "repo": "ai-assistant-instructions",
        "rev": "a95c97ccd7eca66e15858e365940ccf8ab2268f4",
        "type": "github"
      },
      "original": {
        "owner": "JacobPEvans",
        "repo": "ai-assistant-instructions",
        "type": "github"
      }
    },
    "anthropic-agent-skills": {
      "flake": false,
      "locked": {
        "lastModified": 1774451446,
        "narHash": "sha256-w//9LB1OVG9jlllY+VDse7Js0dn5x6Ys2vPuQACKsTM=",
        "owner": "anthropics",
        "repo": "skills",
        "rev": "98669c11ca63e9c81c11501e1437e5c47b556621",
        "type": "github"
      },
      "original": {
        "owner": "anthropics",
        "repo": "skills",
        "type": "github"
      }
    },
    "axton-obsidian-visual-skills": {
      "flake": false,
      "locked": {
        "lastModified": 1770862721,
        "narHash": "sha256-28hLlKPifZ0GT3vc3eYuIN0C2DQm6vtZhJIKEomRp0M=",
        "owner": "axtonliu",
        "repo": "axton-obsidian-visual-skills",
        "rev": "1265976d9746a84858b4b7b42fb86a215aa93de9",
        "type": "github"
      },
      "original": {
        "owner": "axtonliu",
        "repo": "axton-obsidian-visual-skills",
        "type": "github"
      }
    },
    "bills-claude-skills": {
      "flake": false,
      "locked": {
        "lastModified": 1772306604,
        "narHash": "sha256-PyQSIuAzLXuah9qvfXSiiXedprtwvq/d7rzaAan7xTA=",
        "owner": "BillChirico",
        "repo": "bills-claude-skills",
        "rev": "3a7e65e88949e3f98a75ea296b53e478e2b5995c",
        "type": "github"
      },
      "original": {
        "owner": "BillChirico",
        "repo": "bills-claude-skills",
        "type": "github"
      }
    },
    "bitwarden-marketplace": {
      "flake": false,
      "locked": {
        "lastModified": 1774681437,
        "narHash": "sha256-f9myAlBkpAigJLQIKwGY8MPojX/qk3eZoIKnq7533aQ=",
        "owner": "bitwarden",
        "repo": "ai-plugins",
        "rev": "a54507e92c984d687d1e4d5ce1afa6466343b83f",
        "type": "github"
      },
      "original": {
        "owner": "bitwarden",
        "repo": "ai-plugins",
        "type": "github"
      }
    },
    "browser-use-skills": {
      "flake": false,
      "locked": {
        "lastModified": 1775440897,
        "narHash": "sha256-zEkRz0e7WIdYub7wDjkzE2snlP4xKiOiyaeyb07yKHU=",
        "owner": "browser-use",
        "repo": "browser-use",
        "rev": "55ca9cb27d3ae65e734207224590d705d2ab4afd",
        "type": "github"
      },
      "original": {
        "owner": "browser-use",
        "repo": "browser-use",
        "type": "github"
      }
    },
    "cc-dev-tools": {
      "flake": false,
      "locked": {
        "lastModified": 1773368188,
        "narHash": "sha256-HcICAqqI3kP0PWQhWvkaM2DOegINXamgox5u+LH2wYA=",
        "owner": "Lucklyric",
        "repo": "cc-dev-tools",
        "rev": "f6414993a4c5047ab3c6f88866789d03f50bef7c",
        "type": "github"
      },
      "original": {
        "owner": "Lucklyric",
        "repo": "cc-dev-tools",
        "type": "github"
      }
    },
    "cc-marketplace": {
      "flake": false,
      "locked": {
        "lastModified": 1768758615,
        "narHash": "sha256-BnH8+reZQRy4st+5zwA1EEDLIc2nVIp8CVBizUIkjXo=",
        "owner": "ananddtyagi",
        "repo": "cc-marketplace",
        "rev": "b643305146890bda9b2e694d2c42206ae4d0a4df",
        "type": "github"
      },
      "original": {
        "owner": "ananddtyagi",
        "repo": "cc-marketplace",
        "type": "github"
      }
    },
    "claude-code-plugins": {
      "flake": false,
      "locked": {
        "lastModified": 1775263316,
        "narHash": "sha256-DNRiSbJR77PjLIMK7BC/LN9A1g7q9NPybnPLxngvh9o=",
        "owner": "anthropics",
        "repo": "claude-code",
        "rev": "b543a256248ce5ff98804b8dfef4cd6247423d98",
        "type": "github"
      },
      "original": {
        "owner": "anthropics",
        "repo": "claude-code",
        "type": "github"
      }
    },
    "claude-code-plugins-plus": {
      "flake": false,
      "locked": {
        "lastModified": 1775458184,
        "narHash": "sha256-vqrRW51gd80SvozcXhFebTeMpOmnI9tWEkYoE0RJYf4=",
        "owner": "jeremylongshore",
        "repo": "claude-code-plugins-plus",
        "rev": "805deb25c2b699775ead88ad1ac6a087347cf5bd",
        "type": "github"
      },
      "original": {
        "owner": "jeremylongshore",
        "repo": "claude-code-plugins-plus",
        "type": "github"
      }
    },
    "claude-code-workflows": {
      "flake": false,
      "locked": {
        "lastModified": 1775250356,
        "narHash": "sha256-2D47P2shN4etixbN92/VPiZm90q6AizHbV1M/mLJC4s=",
        "owner": "wshobson",
        "repo": "agents",
        "rev": "70444e5b1fae2237f3cb087c70db043ab633fe11",
        "type": "github"
      },
      "original": {
        "owner": "wshobson",
        "repo": "agents",
        "type": "github"
      }
    },
    "claude-cookbooks": {
      "flake": false,
      "locked": {
        "lastModified": 1775019214,
        "narHash": "sha256-wMz36ZcI9XN80CN2lgurVE5mZL3VrZtey3Vze1PAKsQ=",
        "owner": "anthropics",
        "repo": "claude-cookbooks",
        "rev": "ca0dd33d4b55cbab037a4b8ad1a06a362e58b29f",
        "type": "github"
      },
      "original": {
        "owner": "anthropics",
        "repo": "claude-cookbooks",
        "type": "github"
      }
    },
    "claude-plugins-official": {
      "flake": false,
      "locked": {
        "lastModified": 1775241870,
        "narHash": "sha256-LJvrad5jrI0syAYjvQgtzSY7VecXZxCnIpyqbDM4al4=",
        "owner": "anthropics",
        "repo": "claude-plugins-official",
        "rev": "104d39be10b7b1380b2ae23a387a11a297b599c3",
        "type": "github"
      },
      "original": {
        "owner": "anthropics",
        "repo": "claude-plugins-official",
        "type": "github"
      }
    },
    "claude-skills": {
      "flake": false,
      "locked": {
        "lastModified": 1775155343,
        "narHash": "sha256-0L6SsL2Ti+N8iPy984TmivBLNwv03yVNkZDNK88mfwY=",
        "owner": "secondsky",
        "repo": "claude-skills",
        "rev": "40506e5751989a5d066f5605bada7c8a32a095f1",
        "type": "github"
      },
      "original": {
        "owner": "secondsky",
        "repo": "claude-skills",
        "type": "github"
      }
    },
    "fabric-src": {
      "flake": false,
      "locked": {
        "lastModified": 1775769065,
        "narHash": "sha256-986ny/DRchsu+MkZFnmGrWaCPaw+SFYJzY768ZEPtfQ=",
        "owner": "danielmiessler",
        "repo": "fabric",
        "rev": "42311fe04b552f63503667b35f26b9b2ad537f95",
        "type": "github"
      },
      "original": {
        "owner": "danielmiessler",
        "ref": "v1.4.444",
        "repo": "fabric",
        "type": "github"
      }
    },
    "home-manager": {
      "inputs": {
        "nixpkgs": [
          "nixpkgs"
        ]
      },
      "locked": {
        "lastModified": 1775425411,
        "narHash": "sha256-KY6HsebJHEe5nHOWP7ur09mb0drGxYSzE3rQxy62rJo=",
        "owner": "nix-community",
        "repo": "home-manager",
        "rev": "0d02ec1d0a05f88ef9e74b516842900c41f0f2fe",
        "type": "github"
      },
      "original": {
        "owner": "nix-community",
        "ref": "release-25.11",
        "repo": "home-manager",
        "type": "github"
      }
    },
    "jacobpevans-cc-plugins": {
      "flake": false,
      "locked": {
        "lastModified": 1775234859,
        "narHash": "sha256-etGcjx1bw4PESjXOb71TLywA/ilDAJ2+lqnFgkNeo1U=",
        "owner": "JacobPEvans",
        "repo": "claude-code-plugins",
        "rev": "0065362f4ae245aeb5fd4f74fd2af6d6d2c3d7aa",
        "type": "github"
      },
      "original": {
        "owner": "JacobPEvans",
        "repo": "claude-code-plugins",
        "type": "github"
      }
    },
    "lunar-claude": {
      "flake": false,
      "locked": {
        "lastModified": 1775454530,
        "narHash": "sha256-lsUXjO5wq3qsVzbfM3uqsrJ3lghqOHwwl4osbs7/J0A=",
        "owner": "basher83",
        "repo": "lunar-claude",
        "rev": "5e2797ac98a9500bf94b44008c8e7e1bd221bf0d",
        "type": "github"
      },
      "original": {
        "owner": "basher83",
        "repo": "lunar-claude",
        "type": "github"
      }
    },
    "nixpkgs": {
      "locked": {
        "lastModified": 1775286898,
        "narHash": "sha256-w9ij48PxqWzLa6wfo9eWGAvIl0gEPCsW/FEwzKZ0hfI=",
        "owner": "NixOS",
        "repo": "nixpkgs",
        "rev": "9b8e6819224551756919099c1fce6e347f5a3803",
        "type": "github"
      },
      "original": {
        "owner": "NixOS",
        "ref": "nixpkgs-25.11-darwin",
        "repo": "nixpkgs",
        "type": "github"
      }
    },
    "obsidian-skills": {
      "flake": false,
      "locked": {
        "lastModified": 1775150516,
        "narHash": "sha256-/D5HKtLvVdBh7g7zCFDQmInL7/q8koiR6HL0ARmTCoE=",
        "owner": "kepano",
        "repo": "obsidian-skills",
        "rev": "fa1e131a014576ff8f8919f191a7ca8d8fded39b",
        "type": "github"
      },
      "original": {
        "owner": "kepano",
        "repo": "obsidian-skills",
        "type": "github"
      }
    },
    "openai-codex": {
      "flake": false,
      "locked": {
        "lastModified": 1775684930,
        "narHash": "sha256-4kqtfdHlcg3YXWX1og9b5JuLgnB/3Nj5dFMe4Ryt7No=",
        "owner": "openai",
        "repo": "codex-plugin-cc",
        "rev": "6a5c2ba53b734f3cdd8daacbd49f68f3e6c8c167",
        "type": "github"
      },
      "original": {
        "owner": "openai",
        "repo": "codex-plugin-cc",
        "type": "github"
      }
    },
    "pal-mcp-server": {
      "flake": false,
      "locked": {
        "lastModified": 1765818451,
        "narHash": "sha256-N10TLndisNT48NVT8OZs7hZFf4D6j8ekPU7RfqwkqY0=",
        "owner": "BeehiveInnovations",
        "repo": "pal-mcp-server",
        "rev": "7afc7c1cc96e23992c8f105f960132c657883bb1",
        "type": "github"
      },
      "original": {
        "owner": "BeehiveInnovations",
        "repo": "pal-mcp-server",
        "type": "github"
      }
    },
    "root": {
      "inputs": {
        "ai-assistant-instructions": "ai-assistant-instructions",
        "anthropic-agent-skills": "anthropic-agent-skills",
        "axton-obsidian-visual-skills": "axton-obsidian-visual-skills",
        "bills-claude-skills": "bills-claude-skills",
        "bitwarden-marketplace": "bitwarden-marketplace",
        "browser-use-skills": "browser-use-skills",
        "cc-dev-tools": "cc-dev-tools",
        "cc-marketplace": "cc-marketplace",
        "claude-code-plugins": "claude-code-plugins",
        "claude-code-plugins-plus": "claude-code-plugins-plus",
        "claude-code-workflows": "claude-code-workflows",
        "claude-cookbooks": "claude-cookbooks",
        "claude-plugins-official": "claude-plugins-official",
        "claude-skills": "claude-skills",
        "fabric-src": "fabric-src",
        "home-manager": "home-manager",
        "jacobpevans-cc-plugins": "jacobpevans-cc-plugins",
        "lunar-claude": "lunar-claude",
        "nixpkgs": "nixpkgs",
        "obsidian-skills": "obsidian-skills",
        "openai-codex": "openai-codex",
        "pal-mcp-server": "pal-mcp-server",
        "superpowers-marketplace": "superpowers-marketplace",
        "visual-explainer-marketplace": "visual-explainer-marketplace",
        "wakatime": "wakatime"
      }
    },
    "superpowers-marketplace": {
      "flake": false,
      "locked": {
        "lastModified": 1774985213,
        "narHash": "sha256-kKkOTPMtsWvKtfc0zIU78zlxY0FA11SjeE+/EHZRis0=",
        "owner": "obra",
        "repo": "superpowers-marketplace",
        "rev": "8560ad09fb77947975294ce5d600840dce225a42",
        "type": "github"
      },
      "original": {
        "owner": "obra",
        "repo": "superpowers-marketplace",
        "type": "github"
      }
    },
    "visual-explainer-marketplace": {
      "flake": false,
      "locked": {
        "lastModified": 1774753729,
        "narHash": "sha256-gaFtCysH6k5ogkb+6yvnwnAeuJqR4kK5OHbHdr64/hk=",
        "owner": "nicobailon",
        "repo": "visual-explainer",
        "rev": "9a97a5818bebbcb61cccf8941d533b82a1ce958b",
        "type": "github"
      },
      "original": {
        "owner": "nicobailon",
        "repo": "visual-explainer",
        "type": "github"
      }
    },
    "wakatime": {
      "flake": false,
      "locked": {
        "lastModified": 1775007070,
        "narHash": "sha256-XiFVK4LtFvq19LEPK1vNcBO2FUaqiHuaApkI3ZqmYu8=",
        "owner": "wakatime",
        "repo": "claude-code-wakatime",
        "rev": "ec4df00f98ab749171b8899e8be11c063332a35c",
        "type": "github"
      },
      "original": {
        "owner": "wakatime",
        "repo": "claude-code-wakatime",
        "type": "github"
      }
    }
  },
  "root": "root",
  "version": 7
}
