{
  "nodes": {
    "ai-assistant-instructions": {
      "flake": false,
      "locked": {
        "lastModified": 1773755235,
        "narHash": "sha256-jPOCE7gms2da7c/pfb4NMofJjmyHpF8ZaTmMRLn3UQ4=",
        "owner": "JacobPEvans",
        "repo": "ai-assistant-instructions",
        "rev": "f47ba79e45c40a2b116607e2f06669f7f2656987",
        "type": "github"
      },
      "original": {
        "owner": "JacobPEvans",
        "repo": "ai-assistant-instructions",
        "type": "github"
      }
    },
    "anthropic-agent-skills": {
      "flake": false,
      "locked": {
        "lastModified": 1772827583,
        "narHash": "sha256-GzNpraXV85qUwyGs5XDe0zHYr2AazqFppWtH9JvO3QE=",
        "owner": "anthropics",
        "repo": "skills",
        "rev": "b0cbd3df1533b396d281a6886d5132f623393a9c",
        "type": "github"
      },
      "original": {
        "owner": "anthropics",
        "repo": "skills",
        "type": "github"
      }
    },
    "axton-obsidian-visual-skills": {
      "flake": false,
      "locked": {
        "lastModified": 1770862721,
        "narHash": "sha256-28hLlKPifZ0GT3vc3eYuIN0C2DQm6vtZhJIKEomRp0M=",
        "owner": "axtonliu",
        "repo": "axton-obsidian-visual-skills",
        "rev": "1265976d9746a84858b4b7b42fb86a215aa93de9",
        "type": "github"
      },
      "original": {
        "owner": "axtonliu",
        "repo": "axton-obsidian-visual-skills",
        "type": "github"
      }
    },
    "bills-claude-skills": {
      "flake": false,
      "locked": {
        "lastModified": 1772306604,
        "narHash": "sha256-PyQSIuAzLXuah9qvfXSiiXedprtwvq/d7rzaAan7xTA=",
        "owner": "BillChirico",
        "repo": "bills-claude-skills",
        "rev": "3a7e65e88949e3f98a75ea296b53e478e2b5995c",
        "type": "github"
      },
      "original": {
        "owner": "BillChirico",
        "repo": "bills-claude-skills",
        "type": "github"
      }
    },
    "bitwarden-marketplace": {
      "flake": false,
      "locked": {
        "lastModified": 1773816539,
        "narHash": "sha256-h3i956SBwJJZxBMwEhI8iERe1QYzQkIQQUu9ZcyUpV0=",
        "owner": "bitwarden",
        "repo": "ai-plugins",
        "rev": "477fdb700c2fccbc9f6239285628f77c0a3361f5",
        "type": "github"
      },
      "original": {
        "owner": "bitwarden",
        "repo": "ai-plugins",
        "type": "github"
      }
    },
    "cc-dev-tools": {
      "flake": false,
      "locked": {
        "lastModified": 1773368188,
        "narHash": "sha256-HcICAqqI3kP0PWQhWvkaM2DOegINXamgox5u+LH2wYA=",
        "owner": "Lucklyric",
        "repo": "cc-dev-tools",
        "rev": "f6414993a4c5047ab3c6f88866789d03f50bef7c",
        "type": "github"
      },
      "original": {
        "owner": "Lucklyric",
        "repo": "cc-dev-tools",
        "type": "github"
      }
    },
    "cc-marketplace": {
      "flake": false,
      "locked": {
        "lastModified": 1768758615,
        "narHash": "sha256-BnH8+reZQRy4st+5zwA1EEDLIc2nVIp8CVBizUIkjXo=",
        "owner": "ananddtyagi",
        "repo": "cc-marketplace",
        "rev": "b643305146890bda9b2e694d2c42206ae4d0a4df",
        "type": "github"
      },
      "original": {
        "owner": "ananddtyagi",
        "repo": "cc-marketplace",
        "type": "github"
      }
    },
    "claude-code-plugins": {
      "flake": false,
      "locked": {
        "lastModified": 1773790925,
        "narHash": "sha256-+uDKyZTJMFiNmN4OrdCqlVnm0cw1TmaPbJoiak0cx6I=",
        "owner": "anthropics",
        "repo": "claude-code",
        "rev": "a3d9426e3e183d1fdc560fcc8a69e9d854f040c9",
        "type": "github"
      },
      "original": {
        "owner": "anthropics",
        "repo": "claude-code",
        "type": "github"
      }
    },
    "claude-code-plugins-plus": {
      "flake": false,
      "locked": {
        "lastModified": 1773808893,
        "narHash": "sha256-ZvwgKBkxAQYnbpCoXzg9yjyT0018Oz6WK/cZsjSKbTE=",
        "owner": "jeremylongshore",
        "repo": "claude-code-plugins-plus",
        "rev": "454476cb828a25d17139079b553a0967251f94c0",
        "type": "github"
      },
      "original": {
        "owner": "jeremylongshore",
        "repo": "claude-code-plugins-plus",
        "type": "github"
      }
    },
    "claude-code-workflows": {
      "flake": false,
      "locked": {
        "lastModified": 1773759612,
        "narHash": "sha256-bWrT+N64nHKaJKtoluhLYGz72H6Oqht4k3HwWGU59Uc=",
        "owner": "wshobson",
        "repo": "agents",
        "rev": "1ad2f007d5e9ec822a2d79e727ac1dcdf5f66f11",
        "type": "github"
      },
      "original": {
        "owner": "wshobson",
        "repo": "agents",
        "type": "github"
      }
    },
    "claude-cookbooks": {
      "flake": false,
      "locked": {
        "lastModified": 1773102421,
        "narHash": "sha256-dDvMaFpyVh7ZEJDp4DIofuU/qho3zQqyQG+ifAKeNBo=",
        "owner": "anthropics",
        "repo": "claude-cookbooks",
        "rev": "410d60f2ac532bfd66b00746ec419c8dba5e8984",
        "type": "github"
      },
      "original": {
        "owner": "anthropics",
        "repo": "claude-cookbooks",
        "type": "github"
      }
    },
    "claude-plugins-official": {
      "flake": false,
      "locked": {
        "lastModified": 1773787525,
        "narHash": "sha256-7K3XS/ExY90hVP4NO2Y95rfQ+UFkIg1O8tF028kasSg=",
        "owner": "anthropics",
        "repo": "claude-plugins-official",
        "rev": "6b70f99f769f58b9b642dc8a271936b17862cf8c",
        "type": "github"
      },
      "original": {
        "owner": "anthropics",
        "repo": "claude-plugins-official",
        "type": "github"
      }
    },
    "claude-skills": {
      "flake": false,
      "locked": {
        "lastModified": 1773526679,
        "narHash": "sha256-ZJWzBTZ6sH6U/4h3jJNzTZ2FXIl16s0kKcjSy7/K+m0=",
        "owner": "secondsky",
        "repo": "claude-skills",
        "rev": "90d6bd7de47ac8f79bdf2f2d06b26d513814f764",
        "type": "github"
      },
      "original": {
        "owner": "secondsky",
        "repo": "claude-skills",
        "type": "github"
      }
    },
    "home-manager": {
      "inputs": {
        "nixpkgs": [
          "nixpkgs"
        ]
      },
      "locked": {
        "lastModified": 1773681845,
        "narHash": "sha256-o8hrZrigP0JYcwnglCp8Zi8jQafWsxbDtRRPzuVwFxY=",
        "owner": "nix-community",
        "repo": "home-manager",
        "rev": "0759e0e137305bc9d0c52c204c6d8dffe6f601a6",
        "type": "github"
      },
      "original": {
        "owner": "nix-community",
        "ref": "release-25.11",
        "repo": "home-manager",
        "type": "github"
      }
    },
    "jacobpevans-cc-plugins": {
      "flake": false,
      "locked": {
        "lastModified": 1773856913,
        "narHash": "sha256-5zsgRLj+6QxYJ3jQYs8W8rIbXTG7FHNbrCJivoBRdsw=",
        "owner": "JacobPEvans",
        "repo": "claude-code-plugins",
        "rev": "cd12dfbf8cad597a5e4f9e1f807508ac1776531e",
        "type": "github"
      },
      "original": {
        "owner": "JacobPEvans",
        "repo": "claude-code-plugins",
        "type": "github"
      }
    },
    "lunar-claude": {
      "flake": false,
      "locked": {
        "lastModified": 1773256517,
        "narHash": "sha256-gch/Xobn4bMZP4sZknieiKUGzj3j9d3kasCzB0AZ3eY=",
        "owner": "basher83",
        "repo": "lunar-claude",
        "rev": "ffd0139fd2f2d2baa205f8551a425a05c547779d",
        "type": "github"
      },
      "original": {
        "owner": "basher83",
        "repo": "lunar-claude",
        "type": "github"
      }
    },
    "nixpkgs": {
      "locked": {
        "lastModified": 1773757037,
        "narHash": "sha256-NBnGaZvJvz+cdpHUwtBw/PcTEP/gD02pL76wERzRDFk=",
        "owner": "NixOS",
        "repo": "nixpkgs",
        "rev": "69ba8f9b9132e83a2e2aca3a810fe158a7072531",
        "type": "github"
      },
      "original": {
        "owner": "NixOS",
        "ref": "nixpkgs-25.11-darwin",
        "repo": "nixpkgs",
        "type": "github"
      }
    },
    "obsidian-skills": {
      "flake": false,
      "locked": {
        "lastModified": 1772463036,
        "narHash": "sha256-nLsv1cJl/4wnb1TBkz6OA/9tC9TM15Yx7Tquk0NbjHk=",
        "owner": "kepano",
        "repo": "obsidian-skills",
        "rev": "bb9ec95e1b59c3471bd6fd77a78a4042430bfac3",
        "type": "github"
      },
      "original": {
        "owner": "kepano",
        "repo": "obsidian-skills",
        "type": "github"
      }
    },
    "pal-mcp-server": {
      "flake": false,
      "locked": {
        "lastModified": 1765818451,
        "narHash": "sha256-N10TLndisNT48NVT8OZs7hZFf4D6j8ekPU7RfqwkqY0=",
        "owner": "BeehiveInnovations",
        "repo": "pal-mcp-server",
        "rev": "7afc7c1cc96e23992c8f105f960132c657883bb1",
        "type": "github"
      },
      "original": {
        "owner": "BeehiveInnovations",
        "repo": "pal-mcp-server",
        "type": "github"
      }
    },
    "root": {
      "inputs": {
        "ai-assistant-instructions": "ai-assistant-instructions",
        "anthropic-agent-skills": "anthropic-agent-skills",
        "axton-obsidian-visual-skills": "axton-obsidian-visual-skills",
        "bills-claude-skills": "bills-claude-skills",
        "bitwarden-marketplace": "bitwarden-marketplace",
        "cc-dev-tools": "cc-dev-tools",
        "cc-marketplace": "cc-marketplace",
        "claude-code-plugins": "claude-code-plugins",
        "claude-code-plugins-plus": "claude-code-plugins-plus",
        "claude-code-workflows": "claude-code-workflows",
        "claude-cookbooks": "claude-cookbooks",
        "claude-plugins-official": "claude-plugins-official",
        "claude-skills": "claude-skills",
        "home-manager": "home-manager",
        "jacobpevans-cc-plugins": "jacobpevans-cc-plugins",
        "lunar-claude": "lunar-claude",
        "nixpkgs": "nixpkgs",
        "obsidian-skills": "obsidian-skills",
        "pal-mcp-server": "pal-mcp-server",
        "superpowers-marketplace": "superpowers-marketplace",
        "wakatime": "wakatime"
      }
    },
    "superpowers-marketplace": {
      "flake": false,
      "locked": {
        "lastModified": 1773784950,
        "narHash": "sha256-IteDHSrJ2z4K+8AAHDb3AhEQTFJpwfYBmYgvRonm96w=",
        "owner": "obra",
        "repo": "superpowers-marketplace",
        "rev": "0f8e1bcd06404ae231bdfc21f5b52be9776feca1",
        "type": "github"
      },
      "original": {
        "owner": "obra",
        "repo": "superpowers-marketplace",
        "type": "github"
      }
    },
    "wakatime": {
      "flake": false,
      "locked": {
        "lastModified": 1771304265,
        "narHash": "sha256-i+t78VSlJ931kNIEQLptlvqJnJ5qneXmLNy/cMjiPGs=",
        "owner": "wakatime",
        "repo": "claude-code-wakatime",
        "rev": "9de34cbac2447cd6ffc5bc7cc797457f76de1e35",
        "type": "github"
      },
      "original": {
        "owner": "wakatime",
        "repo": "claude-code-wakatime",
        "type": "github"
      }
    }
  },
  "root": "root",
  "version": 7
}
